
Microsoft Visual Studio Solution File, Format Version 12.00
# Visual Studio Version 17
VisualStudioVersion = 17.0.31903.59
MinimumVisualStudioVersion = 10.0.40219.1
Project("{2150E333-8FDC-42A3-9474-1A3956D46DE8}") = "ArcaneLibs", "ArcaneLibs", "{32C0F9AC-AF7D-4476-A269-99ACA000EF9F}"
EndProject
Project("{FAE04EC0-301F-11D3-BF4B-00C04F79EFBC}") = "ArcaneLibs.Blazor.Components", "ArcaneLibs\ArcaneLibs.Blazor.Components\ArcaneLibs.Blazor.Components.csproj", "{93D00F03-02FF-4C2A-8917-6863D6E633D9}"
EndProject
Project("{FAE04EC0-301F-11D3-BF4B-00C04F79EFBC}") = "ArcaneLibs.Legacy", "ArcaneLibs\ArcaneLibs.Legacy\ArcaneLibs.Legacy.csproj", "{14CAF7A1-A5C3-4ED1-8BF3-20FC3447BFFB}"
EndProject
Project("{FAE04EC0-301F-11D3-BF4B-00C04F79EFBC}") = "ArcaneLibs.Logging", "ArcaneLibs\ArcaneLibs.Logging\ArcaneLibs.Logging.csproj", "{51F770AF-C0C6-4247-A358-82DF323F473D}"
EndProject
Project("{FAE04EC0-301F-11D3-BF4B-00C04F79EFBC}") = "ArcaneLibs.StringNormalisation", "ArcaneLibs\ArcaneLibs.StringNormalisation\ArcaneLibs.StringNormalisation.csproj", "{8A8E8B67-9351-471E-A502-AF7FAE596CB4}"
EndProject
Project("{FAE04EC0-301F-11D3-BF4B-00C04F79EFBC}") = "ArcaneLibs.Tests", "ArcaneLibs\ArcaneLibs.Tests\ArcaneLibs.Tests.csproj", "{5DE8D878-EEBD-44DF-A8FC-0B4866B807FB}"
EndProject
Project("{FAE04EC0-301F-11D3-BF4B-00C04F79EFBC}") = "ArcaneLibs.Timings", "ArcaneLibs\ArcaneLibs.Timings\ArcaneLibs.Timings.csproj", "{567DABFB-611E-4779-9F39-1D4A5B8F0247}"
EndProject
Project("{FAE04EC0-301F-11D3-BF4B-00C04F79EFBC}") = "ArcaneLibs.UsageTest", "ArcaneLibs\ArcaneLibs.UsageTest\ArcaneLibs.UsageTest.csproj", "{28AFDFEF-7597-4450-B999-87C22C24DCD8}"
EndProject
Project("{FAE04EC0-301F-11D3-BF4B-00C04F79EFBC}") = "ArcaneLibs", "ArcaneLibs\ArcaneLibs\ArcaneLibs.csproj", "{F80D5395-28E3-4C34-9662-A890A215DDA2}"
EndProject
Project("{FAE04EC0-301F-11D3-BF4B-00C04F79EFBC}") = "LibMatrix.EventTypes", "LibMatrix.EventTypes\LibMatrix.EventTypes.csproj", "{90A38896-993A-49F1-903B-8C989D8C9B3A}"
EndProject
Project("{FAE04EC0-301F-11D3-BF4B-00C04F79EFBC}") = "LibMatrix", "LibMatrix\LibMatrix.csproj", "{6AE504F8-734B-456B-8BEA-DE37639CB3A7}"
EndProject
Project("{2150E333-8FDC-42A3-9474-1A3956D46DE8}") = "Tests", "Tests", "{AAAA5609-D8C1-401E-BB5C-724EFE3955FB}"
EndProject
Project("{FAE04EC0-301F-11D3-BF4B-00C04F79EFBC}") = "LibMatrix.Tests", "Tests\LibMatrix.Tests\LibMatrix.Tests.csproj", "{7E15D295-B938-409C-98F6-A22ABC7F3005}"
EndProject
Project("{2150E333-8FDC-42A3-9474-1A3956D46DE8}") = "Utilities", "Utilities", "{FBC6F613-4E0B-4A90-8854-31887A796EEF}"
EndProject
Project("{FAE04EC0-301F-11D3-BF4B-00C04F79EFBC}") = "LibMatrix.DebugDataValidationApi", "Utilities\LibMatrix.DebugDataValidationApi\LibMatrix.DebugDataValidationApi.csproj", "{D632374A-70A1-4954-8F2D-C0B511A24426}"
EndProject
Project("{FAE04EC0-301F-11D3-BF4B-00C04F79EFBC}") = "LibMatrix.DevTestBot", "Utilities\LibMatrix.DevTestBot\LibMatrix.DevTestBot.csproj", "{91E41EE3-687B-4CFD-94C4-028D09BACFAB}"
EndProject
Project("{FAE04EC0-301F-11D3-BF4B-00C04F79EFBC}") = "LibMatrix.E2eeTestKit", "Utilities\LibMatrix.E2eeTestKit\LibMatrix.E2eeTestKit.csproj", "{4D411F2D-A97D-4485-A318-ED98B96B6CF6}"
EndProject
Project("{FAE04EC0-301F-11D3-BF4B-00C04F79EFBC}") = "LibMatrix.HomeserverEmulator", "Utilities\LibMatrix.HomeserverEmulator\LibMatrix.HomeserverEmulator.csproj", "{7F36D200-FE91-4761-B681-BEE091FB953F}"
EndProject
Project("{FAE04EC0-301F-11D3-BF4B-00C04F79EFBC}") = "LibMatrix.JsonSerializerContextGenerator", "Utilities\LibMatrix.JsonSerializerContextGenerator\LibMatrix.JsonSerializerContextGenerator.csproj", "{69CCB780-50CC-4E75-B794-932E44ACA80F}"
EndProject
Project("{FAE04EC0-301F-11D3-BF4B-00C04F79EFBC}") = "LibMatrix.TestDataGenerator", "Utilities\LibMatrix.TestDataGenerator\LibMatrix.TestDataGenerator.csproj", "{C087F8AC-B438-4980-9A79-1E16D0CFB67A}"
EndProject
Project("{FAE04EC0-301F-11D3-BF4B-00C04F79EFBC}") = "LibMatrix.Utilities.Bot", "Utilities\LibMatrix.Utilities.Bot\LibMatrix.Utilities.Bot.csproj", "{E04E5F37-8F13-4000-ABA1-DAC0D795EA6A}"
EndProject
Global
	GlobalSection(SolutionConfigurationPlatforms) = preSolution
		Debug|Any CPU = Debug|Any CPU
		Release|Any CPU = Release|Any CPU
	EndGlobalSection
	GlobalSection(SolutionProperties) = preSolution
		HideSolutionNode = FALSE
	EndGlobalSection
	GlobalSection(ProjectConfigurationPlatforms) = postSolution
		{93D00F03-02FF-4C2A-8917-6863D6E633D9}.Debug|Any CPU.ActiveCfg = Debug|Any CPU
		{93D00F03-02FF-4C2A-8917-6863D6E633D9}.Debug|Any CPU.Build.0 = Debug|Any CPU
		{93D00F03-02FF-4C2A-8917-6863D6E633D9}.Release|Any CPU.ActiveCfg = Release|Any CPU
		{93D00F03-02FF-4C2A-8917-6863D6E633D9}.Release|Any CPU.Build.0 = Release|Any CPU
		{14CAF7A1-A5C3-4ED1-8BF3-20FC3447BFFB}.Debug|Any CPU.ActiveCfg = Debug|Any CPU
		{14CAF7A1-A5C3-4ED1-8BF3-20FC3447BFFB}.Debug|Any CPU.Build.0 = Debug|Any CPU
		{14CAF7A1-A5C3-4ED1-8BF3-20FC3447BFFB}.Release|Any CPU.ActiveCfg = Release|Any CPU
		{14CAF7A1-A5C3-4ED1-8BF3-20FC3447BFFB}.Release|Any CPU.Build.0 = Release|Any CPU
		{51F770AF-C0C6-4247-A358-82DF323F473D}.Debug|Any CPU.ActiveCfg = Debug|Any CPU
		{51F770AF-C0C6-4247-A358-82DF323F473D}.Debug|Any CPU.Build.0 = Debug|Any CPU
		{51F770AF-C0C6-4247-A358-82DF323F473D}.Release|Any CPU.ActiveCfg = Release|Any CPU
		{51F770AF-C0C6-4247-A358-82DF323F473D}.Release|Any CPU.Build.0 = Release|Any CPU
		{8A8E8B67-9351-471E-A502-AF7FAE596CB4}.Debug|Any CPU.ActiveCfg = Debug|Any CPU
		{8A8E8B67-9351-471E-A502-AF7FAE596CB4}.Debug|Any CPU.Build.0 = Debug|Any CPU
		{8A8E8B67-9351-471E-A502-AF7FAE596CB4}.Release|Any CPU.ActiveCfg = Release|Any CPU
		{8A8E8B67-9351-471E-A502-AF7FAE596CB4}.Release|Any CPU.Build.0 = Release|Any CPU
		{5DE8D878-EEBD-44DF-A8FC-0B4866B807FB}.Debug|Any CPU.ActiveCfg = Debug|Any CPU
		{5DE8D878-EEBD-44DF-A8FC-0B4866B807FB}.Debug|Any CPU.Build.0 = Debug|Any CPU
		{5DE8D878-EEBD-44DF-A8FC-0B4866B807FB}.Release|Any CPU.ActiveCfg = Release|Any CPU
		{5DE8D878-EEBD-44DF-A8FC-0B4866B807FB}.Release|Any CPU.Build.0 = Release|Any CPU
		{567DABFB-611E-4779-9F39-1D4A5B8F0247}.Debug|Any CPU.ActiveCfg = Debug|Any CPU
		{567DABFB-611E-4779-9F39-1D4A5B8F0247}.Debug|Any CPU.Build.0 = Debug|Any CPU
		{567DABFB-611E-4779-9F39-1D4A5B8F0247}.Release|Any CPU.ActiveCfg = Release|Any CPU
		{567DABFB-611E-4779-9F39-1D4A5B8F0247}.Release|Any CPU.Build.0 = Release|Any CPU
		{28AFDFEF-7597-4450-B999-87C22C24DCD8}.Debug|Any CPU.ActiveCfg = Debug|Any CPU
		{28AFDFEF-7597-4450-B999-87C22C24DCD8}.Debug|Any CPU.Build.0 = Debug|Any CPU
		{28AFDFEF-7597-4450-B999-87C22C24DCD8}.Release|Any CPU.ActiveCfg = Release|Any CPU
		{28AFDFEF-7597-4450-B999-87C22C24DCD8}.Release|Any CPU.Build.0 = Release|Any CPU
		{F80D5395-28E3-4C34-9662-A890A215DDA2}.Debug|Any CPU.ActiveCfg = Debug|Any CPU
		{F80D5395-28E3-4C34-9662-A890A215DDA2}.Debug|Any CPU.Build.0 = Debug|Any CPU
		{F80D5395-28E3-4C34-9662-A890A215DDA2}.Release|Any CPU.ActiveCfg = Release|Any CPU
		{F80D5395-28E3-4C34-9662-A890A215DDA2}.Release|Any CPU.Build.0 = Release|Any CPU
		{90A38896-993A-49F1-903B-8C989D8C9B3A}.Debug|Any CPU.ActiveCfg = Debug|Any CPU
		{90A38896-993A-49F1-903B-8C989D8C9B3A}.Debug|Any CPU.Build.0 = Debug|Any CPU
		{90A38896-993A-49F1-903B-8C989D8C9B3A}.Release|Any CPU.ActiveCfg = Release|Any CPU
		{90A38896-993A-49F1-903B-8C989D8C9B3A}.Release|Any CPU.Build.0 = Release|Any CPU
		{6AE504F8-734B-456B-8BEA-DE37639CB3A7}.Debug|Any CPU.ActiveCfg = Debug|Any CPU
		{6AE504F8-734B-456B-8BEA-DE37639CB3A7}.Debug|Any CPU.Build.0 = Debug|Any CPU
		{6AE504F8-734B-456B-8BEA-DE37639CB3A7}.Release|Any CPU.ActiveCfg = Release|Any CPU
		{6AE504F8-734B-456B-8BEA-DE37639CB3A7}.Release|Any CPU.Build.0 = Release|Any CPU
		{7E15D295-B938-409C-98F6-A22ABC7F3005}.Debug|Any CPU.ActiveCfg = Debug|Any CPU
		{7E15D295-B938-409C-98F6-A22ABC7F3005}.Debug|Any CPU.Build.0 = Debug|Any CPU
		{7E15D295-B938-409C-98F6-A22ABC7F3005}.Release|Any CPU.ActiveCfg = Release|Any CPU
		{7E15D295-B938-409C-98F6-A22ABC7F3005}.Release|Any CPU.Build.0 = Release|Any CPU
		{D632374A-70A1-4954-8F2D-C0B511A24426}.Debug|Any CPU.ActiveCfg = Debug|Any CPU
		{D632374A-70A1-4954-8F2D-C0B511A24426}.Debug|Any CPU.Build.0 = Debug|Any CPU
		{D632374A-70A1-4954-8F2D-C0B511A24426}.Release|Any CPU.ActiveCfg = Release|Any CPU
		{D632374A-70A1-4954-8F2D-C0B511A24426}.Release|Any CPU.Build.0 = Release|Any CPU
		{91E41EE3-687B-4CFD-94C4-028D09BACFAB}.Debug|Any CPU.ActiveCfg = Debug|Any CPU
		{91E41EE3-687B-4CFD-94C4-028D09BACFAB}.Debug|Any CPU.Build.0 = Debug|Any CPU
		{91E41EE3-687B-4CFD-94C4-028D09BACFAB}.Release|Any CPU.ActiveCfg = Release|Any CPU
		{91E41EE3-687B-4CFD-94C4-028D09BACFAB}.Release|Any CPU.Build.0 = Release|Any CPU
		{4D411F2D-A97D-4485-A318-ED98B96B6CF6}.Debug|Any CPU.ActiveCfg = Debug|Any CPU
		{4D411F2D-A97D-4485-A318-ED98B96B6CF6}.Debug|Any CPU.Build.0 = Debug|Any CPU
		{4D411F2D-A97D-4485-A318-ED98B96B6CF6}.Release|Any CPU.ActiveCfg = Release|Any CPU
		{4D411F2D-A97D-4485-A318-ED98B96B6CF6}.Release|Any CPU.Build.0 = Release|Any CPU
		{7F36D200-FE91-4761-B681-BEE091FB953F}.Debug|Any CPU.ActiveCfg = Debug|Any CPU
		{7F36D200-FE91-4761-B681-BEE091FB953F}.Debug|Any CPU.Build.0 = Debug|Any CPU
		{7F36D200-FE91-4761-B681-BEE091FB953F}.Release|Any CPU.ActiveCfg = Release|Any CPU
		{7F36D200-FE91-4761-B681-BEE091FB953F}.Release|Any CPU.Build.0 = Release|Any CPU
		{69CCB780-50CC-4E75-B794-932E44ACA80F}.Debug|Any CPU.ActiveCfg = Debug|Any CPU
		{69CCB780-50CC-4E75-B794-932E44ACA80F}.Debug|Any CPU.Build.0 = Debug|Any CPU
		{69CCB780-50CC-4E75-B794-932E44ACA80F}.Release|Any CPU.ActiveCfg = Release|Any CPU
		{69CCB780-50CC-4E75-B794-932E44ACA80F}.Release|Any CPU.Build.0 = Release|Any CPU
		{C087F8AC-B438-4980-9A79-1E16D0CFB67A}.Debug|Any CPU.ActiveCfg = Debug|Any CPU
		{C087F8AC-B438-4980-9A79-1E16D0CFB67A}.Debug|Any CPU.Build.0 = Debug|Any CPU
		{C087F8AC-B438-4980-9A79-1E16D0CFB67A}.Release|Any CPU.ActiveCfg = Release|Any CPU
		{C087F8AC-B438-4980-9A79-1E16D0CFB67A}.Release|Any CPU.Build.0 = Release|Any CPU
		{E04E5F37-8F13-4000-ABA1-DAC0D795EA6A}.Debug|Any CPU.ActiveCfg = Debug|Any CPU
		{E04E5F37-8F13-4000-ABA1-DAC0D795EA6A}.Debug|Any CPU.Build.0 = Debug|Any CPU
		{E04E5F37-8F13-4000-ABA1-DAC0D795EA6A}.Release|Any CPU.ActiveCfg = Release|Any CPU
		{E04E5F37-8F13-4000-ABA1-DAC0D795EA6A}.Release|Any CPU.Build.0 = Release|Any CPU
	EndGlobalSection
	GlobalSection(NestedProjects) = preSolution
		{93D00F03-02FF-4C2A-8917-6863D6E633D9} = {32C0F9AC-AF7D-4476-A269-99ACA000EF9F}
		{14CAF7A1-A5C3-4ED1-8BF3-20FC3447BFFB} = {32C0F9AC-AF7D-4476-A269-99ACA000EF9F}
		{51F770AF-C0C6-4247-A358-82DF323F473D} = {32C0F9AC-AF7D-4476-A269-99ACA000EF9F}
		{8A8E8B67-9351-471E-A502-AF7FAE596CB4} = {32C0F9AC-AF7D-4476-A269-99ACA000EF9F}
		{5DE8D878-EEBD-44DF-A8FC-0B4866B807FB} = {32C0F9AC-AF7D-4476-A269-99ACA000EF9F}
		{567DABFB-611E-4779-9F39-1D4A5B8F0247} = {32C0F9AC-AF7D-4476-A269-99ACA000EF9F}
		{28AFDFEF-7597-4450-B999-87C22C24DCD8} = {32C0F9AC-AF7D-4476-A269-99ACA000EF9F}
		{F80D5395-28E3-4C34-9662-A890A215DDA2} = {32C0F9AC-AF7D-4476-A269-99ACA000EF9F}
		{7E15D295-B938-409C-98F6-A22ABC7F3005} = {AAAA5609-D8C1-401E-BB5C-724EFE3955FB}
		{D632374A-70A1-4954-8F2D-C0B511A24426} = {FBC6F613-4E0B-4A90-8854-31887A796EEF}
		{91E41EE3-687B-4CFD-94C4-028D09BACFAB} = {FBC6F613-4E0B-4A90-8854-31887A796EEF}
		{4D411F2D-A97D-4485-A318-ED98B96B6CF6} = {FBC6F613-4E0B-4A90-8854-31887A796EEF}
		{7F36D200-FE91-4761-B681-BEE091FB953F} = {FBC6F613-4E0B-4A90-8854-31887A796EEF}
		{69CCB780-50CC-4E75-B794-932E44ACA80F} = {FBC6F613-4E0B-4A90-8854-31887A796EEF}
		{C087F8AC-B438-4980-9A79-1E16D0CFB67A} = {FBC6F613-4E0B-4A90-8854-31887A796EEF}
		{E04E5F37-8F13-4000-ABA1-DAC0D795EA6A} = {FBC6F613-4E0B-4A90-8854-31887A796EEF}
	EndGlobalSection
EndGlobal
